
Microsoft Visual Studio Solution File, Format Version 12.00
# Visual Studio 2013
VisualStudioVersion = 12.0.21005.1
MinimumVisualStudioVersion = 10.0.40219.1
Project("{FAE04EC0-301F-11D3-BF4B-00C04F79EFBC}") = "bd", "bd\bd.csproj", "{06025F97-95FC-41A1-818C-DFA4A008FF5D}"
EndProject
Project("{FAE04EC0-301F-11D3-BF4B-00C04F79EFBC}") = "StartUpForm", "StartUpForm\StartUpForm.csproj", "{29E0EF02-E7B4-4071-9C7F-AFCA4D0B5305}"
EndProject
Global
	GlobalSection(SolutionConfigurationPlatforms) = preSolution
		Debug|Any CPU = Debug|Any CPU
		Release|Any CPU = Release|Any CPU
	EndGlobalSection
	GlobalSection(ProjectConfigurationPlatforms) = postSolution
		{06025F97-95FC-41A1-818C-DFA4A008FF5D}.Debug|Any CPU.ActiveCfg = Debug|Any CPU
		{06025F97-95FC-41A1-818C-DFA4A008FF5D}.Debug|Any CPU.Build.0 = Debug|Any CPU
		{06025F97-95FC-41A1-818C-DFA4A008FF5D}.Release|Any CPU.ActiveCfg = Release|Any CPU
		{06025F97-95FC-41A1-818C-DFA4A008FF5D}.Release|Any CPU.Build.0 = Release|Any CPU
		{29E0EF02-E7B4-4071-9C7F-AFCA4D0B5305}.Debug|Any CPU.ActiveCfg = Debug|Any CPU
		{29E0EF02-E7B4-4071-9C7F-AFCA4D0B5305}.Debug|Any CPU.Build.0 = Debug|Any CPU
		{29E0EF02-E7B4-4071-9C7F-AFCA4D0B5305}.Release|Any CPU.ActiveCfg = Release|Any CPU
		{29E0EF02-E7B4-4071-9C7F-AFCA4D0B5305}.Release|Any CPU.Build.0 = Release|Any CPU
	EndGlobalSection
	GlobalSection(SolutionProperties) = preSolution
		HideSolutionNode = FALSE
	EndGlobalSection
EndGlobal
